<?xml version="1.0" encoding="utf-8"?>
<Project ToolsVersion="4.0" xmlns="http://schemas.microsoft.com/developer/msbuild/2003">
  <ItemGroup>
    <Filter Include="Source Files">
      <UniqueIdentifier>{4FC737F1-C7A5-4376-A066-2A32D752A2FF}</UniqueIdentifier>
      <Extensions>cpp;c;cc;cxx;def;odl;idl;hpj;bat;asm;asmx</Extensions>
    </Filter>
    <Filter Include="Header Files">
      <UniqueIdentifier>{93995380-89BD-4b04-88EB-625FBE52EBFB}</UniqueIdentifier>
      <Extensions>h;hh;hpp;hxx;hm;inl;inc;ipp;xsd</Extensions>
    </Filter>
    <Filter Include="Resource Files">
      <UniqueIdentifier>{67DA6AB6-F800-4c08-8B7A-83BB121AAD01}</UniqueIdentifier>
      <Extensions>rc;ico;cur;bmp;dlg;rc2;rct;bin;rgs;gif;jpg;jpeg;jpe;resx;tiff;tif;png;wav;mfcribbon-ms</Extensions>
    </Filter>
  </ItemGroup>
  <ItemGroup>
    <ClInclude Include="pch.h">
      <Filter>Header Files</Filter>
    </ClInclude>
    <ClInclude Include="rawclass.h">
      <Filter>Header Files</Filter>
    </ClInclude>
    <ClInclude Include="common.h">
      <Filter>Header Files</Filter>
    </ClInclude>
    <ClInclude Include="Globals.h">
      <Filter>Header Files</Filter>
    </ClInclude>
    <ClInclude Include="TStringList.h">
      <Filter>Header Files</Filter>
    </ClInclude>
    <ClInclude Include="acconfig.h">
      <Filter>Header Files</Filter>
    </ClInclude>
    <ClInclude Include="alglibinternal.h">
      <Filter>Header Files</Filter>
    </ClInclude>
    <ClInclude Include="alglibmisc.h">
      <Filter>Header Files</Filter>
    </ClInclude>
    <ClInclude Include="ap.h">
      <Filter>Header Files</Filter>
    </ClInclude>
    <ClInclude Include="ascii.h">
      <Filter>Header Files</Filter>
    </ClInclude>
    <ClInclude Include="asciitab.h">
      <Filter>Header Files</Filter>
    </ClInclude>
    <ClInclude Include="constants.h">
      <Filter>Header Files</Filter>
    </ClInclude>
    <ClInclude Include="cxxopts.hpp">
      <Filter>Header Files</Filter>
    </ClInclude>
    <ClInclude Include="deflate.h">
      <Filter>Header Files</Filter>
    </ClInclude>
    <ClInclude Include="expat.h">
      <Filter>Header Files</Filter>
    </ClInclude>
    <ClInclude Include="expat_config.h">
      <Filter>Header Files</Filter>
    </ClInclude>
    <ClInclude Include="expat_external.h">
      <Filter>Header Files</Filter>
    </ClInclude>
    <ClInclude Include="masses.h">
      <Filter>Header Files</Filter>
    </ClInclude>
    <ClInclude Include="minmax.h">
      <Filter>Header Files</Filter>
    </ClInclude>
    <ClInclude Include="ms_instrument.hpp">
      <Filter>Header Files</Filter>
    </ClInclude>
    <ClInclude Include="ms_periodic_table.hpp">
      <Filter>Header Files</Filter>
    </ClInclude>
    <ClInclude Include="ms_spectrum.hpp">
      <Filter>Header Files</Filter>
    </ClInclude>
    <ClInclude Include="MSNumpress.hpp">
      <Filter>Header Files</Filter>
    </ClInclude>
    <ClInclude Include="MSObject.h">
      <Filter>Header Files</Filter>
    </ClInclude>
    <ClInclude Include="MSReader.h">
      <Filter>Header Files</Filter>
    </ClInclude>
    <ClInclude Include="MSToolkitTypes.h">
      <Filter>Header Files</Filter>
    </ClInclude>
    <ClInclude Include="mzMLWriter.h">
      <Filter>Header Files</Filter>
    </ClInclude>
    <ClInclude Include="mzParser.h">
      <Filter>Header Files</Filter>
    </ClInclude>
    <ClInclude Include="xml.h">
      <Filter>Header Files</Filter>
    </ClInclude>
    <ClInclude Include="xmlrole.h">
      <Filter>Header Files</Filter>
    </ClInclude>
    <ClInclude Include="xmltok.h">
      <Filter>Header Files</Filter>
    </ClInclude>
    <ClInclude Include="xmltok_impl.h">
      <Filter>Header Files</Filter>
    </ClInclude>
    <ClInclude Include="zconf.h">
      <Filter>Header Files</Filter>
    </ClInclude>
    <ClInclude Include="zlib.h">
      <Filter>Header Files</Filter>
    </ClInclude>
    <ClInclude Include="zutil.h">
      <Filter>Header Files</Filter>
    </ClInclude>
    <ClInclude Include="RAWReader.h">
      <Filter>Header Files</Filter>
    </ClInclude>
    <ClInclude Include="Spectrum.h">
      <Filter>Header Files</Filter>
    </ClInclude>
    <ClInclude Include="HDXMain.h">
      <Filter>Header Files</Filter>
    </ClInclude>
    <ClInclude Include="TPeptideStore.h">
      <Filter>Header Files</Filter>
    </ClInclude>
    <ClInclude Include="TPeptideData.h">
      <Filter>Header Files</Filter>
    </ClInclude>
    <ClInclude Include="TIsotopeData.h">
      <Filter>Header Files</Filter>
    </ClInclude>
    <ClInclude Include="TBinaryFileWriter.h">
      <Filter>Header Files</Filter>
    </ClInclude>
    <ClInclude Include="sortedClasses.h">
      <Filter>Header Files</Filter>
    </ClInclude>
    <ClInclude Include="isotopeCalc.h">
      <Filter>Header Files</Filter>
    </ClInclude>
    <ClInclude Include="ms_isocalc.hpp">
      <Filter>Header Files</Filter>
    </ClInclude>
    <ClInclude Include="peptide.h">
      <Filter>Header Files</Filter>
    </ClInclude>
    <ClInclude Include="solvers.h">
      <Filter>Header Files</Filter>
    </ClInclude>
    <ClInclude Include="linalg.h">
      <Filter>Header Files</Filter>
    </ClInclude>
    <ClInclude Include="TDeutDeconv.h">
      <Filter>Header Files</Filter>
    </ClInclude>
    <ClInclude Include="GaussFit.h">
      <Filter>Header Files</Filter>
    </ClInclude>
    <ClInclude Include="lmcurve.h">
      <Filter>Header Files</Filter>
    </ClInclude>
    <ClInclude Include="lmmin.h">
      <Filter>Header Files</Filter>
    </ClInclude>
  </ItemGroup>
  <ItemGroup>
    <ClCompile Include="HDXConsole.cpp">
      <Filter>Source Files</Filter>
    </ClCompile>
    <ClCompile Include="rawclass.cpp">
      <Filter>Source Files</Filter>
    </ClCompile>
    <ClCompile Include="common.cpp">
      <Filter>Source Files</Filter>
    </ClCompile>
    <ClCompile Include="Globals.cpp">
      <Filter>Source Files</Filter>
    </ClCompile>
    <ClCompile Include="TStringList.cpp">
      <Filter>Source Files</Filter>
    </ClCompile>
    <ClCompile Include="adler32.cpp">
      <Filter>Source Files</Filter>
    </ClCompile>
    <ClCompile Include="alglibinternal.cpp">
      <Filter>Source Files</Filter>
    </ClCompile>
    <ClCompile Include="alglibmisc.cpp">
      <Filter>Source Files</Filter>
    </ClCompile>
    <ClCompile Include="ap.cpp">
      <Filter>Source Files</Filter>
    </ClCompile>
    <ClCompile Include="ipc.cpp">
      <Filter>Source Files</Filter>
    </ClCompile>
    <ClCompile Include="HDXMain.cpp">
      <Filter>Source Files</Filter>
    </ClCompile>
    <ClCompile Include="TPeptideStore.cpp">
      <Filter>Source Files</Filter>
    </ClCompile>
    <ClCompile Include="TPeptideData.cpp">
      <Filter>Source Files</Filter>
    </ClCompile>
    <ClCompile Include="TIsotopeData.cpp">
      <Filter>Source Files</Filter>
    </ClCompile>
    <ClCompile Include="TBinaryFileWriter.cpp">
      <Filter>Source Files</Filter>
    </ClCompile>
    <ClCompile Include="sortedClasses.cpp">
      <Filter>Source Files</Filter>
    </ClCompile>
    <ClCompile Include="isotopeCalc.cpp">
      <Filter>Source Files</Filter>
    </ClCompile>
    <ClCompile Include="ms_isocalc.cpp">
      <Filter>Source Files</Filter>
    </ClCompile>
    <ClCompile Include="ms_spectrum.cpp">
      <Filter>Source Files</Filter>
    </ClCompile>
    <ClCompile Include="ms_periodic_table.cpp">
      <Filter>Source Files</Filter>
    </ClCompile>
    <ClCompile Include="peptide.cpp">
      <Filter>Source Files</Filter>
    </ClCompile>
    <ClCompile Include="solvers.cpp">
      <Filter>Source Files</Filter>
    </ClCompile>
    <ClCompile Include="linalg.cpp">
      <Filter>Source Files</Filter>
    </ClCompile>
    <ClCompile Include="TDeutDeconv.cpp">
      <Filter>Source Files</Filter>
    </ClCompile>
    <ClCompile Include="saxhandler.cpp">
      <Filter>Source Files</Filter>
    </ClCompile>
    <ClCompile Include="saxmzmlhandler.cpp">
      <Filter>Source Files</Filter>
    </ClCompile>
    <ClCompile Include="saxmzxmlhandler.cpp">
      <Filter>Source Files</Filter>
    </ClCompile>
    <ClCompile Include="xmltok_impl.cpp">
      <Filter>Source Files</Filter>
    </ClCompile>
    <ClCompile Include="xmlparse.cpp">
      <Filter>Source Files</Filter>
    </ClCompile>
    <ClCompile Include="GaussFit.cpp">
      <Filter>Source Files</Filter>
    </ClCompile>
    <ClCompile Include="lmcurve.cpp">
      <Filter>Source Files</Filter>
    </ClCompile>
    <ClCompile Include="lmmin.cpp">
      <Filter>Source Files</Filter>
    </ClCompile>
  </ItemGroup>
</Project>